
Microsoft Visual Studio Solution File, Format Version 12.00
# Visual Studio Version 17
VisualStudioVersion = 17.13.35825.156 d17.13
MinimumVisualStudioVersion = 10.0.40219.1
Project("{FAE04EC0-301F-11D3-BF4B-00C04F79EFBC}") = "MainProjectForTasksBranch", "MainProjectForTasksBranch\MainProjectForTasksBranch.csproj", "{D5885DB0-3D9C-434A-9926-8D9611A72142}"
EndProject
Project("{FAE04EC0-301F-11D3-BF4B-00C04F79EFBC}") = "Vectors", "Vectors\Vectors.csproj", "{48A05B7D-5F3F-47A9-8E02-7E979212A479}"
EndProject
Global
	GlobalSection(SolutionConfigurationPlatforms) = preSolution
		Debug|Any CPU = Debug|Any CPU
		Release|Any CPU = Release|Any CPU
	EndGlobalSection
	GlobalSection(ProjectConfigurationPlatforms) = postSolution
		{D5885DB0-3D9C-434A-9926-8D9611A72142}.Debug|Any CPU.ActiveCfg = Debug|Any CPU
		{D5885DB0-3D9C-434A-9926-8D9611A72142}.Debug|Any CPU.Build.0 = Debug|Any CPU
		{D5885DB0-3D9C-434A-9926-8D9611A72142}.Release|Any CPU.ActiveCfg = Release|Any CPU
		{D5885DB0-3D9C-434A-9926-8D9611A72142}.Release|Any CPU.Build.0 = Release|Any CPU
		{48A05B7D-5F3F-47A9-8E02-7E979212A479}.Debug|Any CPU.ActiveCfg = Debug|Any CPU
		{48A05B7D-5F3F-47A9-8E02-7E979212A479}.Debug|Any CPU.Build.0 = Debug|Any CPU
		{48A05B7D-5F3F-47A9-8E02-7E979212A479}.Release|Any CPU.ActiveCfg = Release|Any CPU
		{48A05B7D-5F3F-47A9-8E02-7E979212A479}.Release|Any CPU.Build.0 = Release|Any CPU
	EndGlobalSection
	GlobalSection(SolutionProperties) = preSolution
		HideSolutionNode = FALSE
	EndGlobalSection
	GlobalSection(ExtensibilityGlobals) = postSolution
		SolutionGuid = {098F74E9-D92A-473C-B597-9465C980C84B}
	EndGlobalSection
EndGlobal
